
Microsoft Visual Studio Solution File, Format Version 12.00
# Visual Studio Version 17
VisualStudioVersion = 17.7.34202.233
MinimumVisualStudioVersion = 10.0.40219.1
Project("{FAE04EC0-301F-11D3-BF4B-00C04F79EFBC}") = "PixelDataImplementation", "PixelDataImplementation\PixelDataImplementation.csproj", "{A59B55E3-8EFD-43A5-9388-5CADF8567477}"
EndProject
Project("{FAE04EC0-301F-11D3-BF4B-00C04F79EFBC}") = "PixelDataImpl", "PixelDataImpl\PixelDataImpl.csproj", "{ADCB424F-C180-4502-BB90-E621291512E4}"
EndProject
Global
	GlobalSection(SolutionConfigurationPlatforms) = preSolution
		Debug|Any CPU = Debug|Any CPU
		Release|Any CPU = Release|Any CPU
	EndGlobalSection
	GlobalSection(ProjectConfigurationPlatforms) = postSolution
		{A59B55E3-8EFD-43A5-9388-5CADF8567477}.Debug|Any CPU.ActiveCfg = Debug|Any CPU
		{A59B55E3-8EFD-43A5-9388-5CADF8567477}.Debug|Any CPU.Build.0 = Debug|Any CPU
		{A59B55E3-8EFD-43A5-9388-5CADF8567477}.Release|Any CPU.ActiveCfg = Release|Any CPU
		{A59B55E3-8EFD-43A5-9388-5CADF8567477}.Release|Any CPU.Build.0 = Release|Any CPU
		{ADCB424F-C180-4502-BB90-E621291512E4}.Debug|Any CPU.ActiveCfg = Debug|Any CPU
		{ADCB424F-C180-4502-BB90-E621291512E4}.Debug|Any CPU.Build.0 = Debug|Any CPU
		{ADCB424F-C180-4502-BB90-E621291512E4}.Release|Any CPU.ActiveCfg = Release|Any CPU
		{ADCB424F-C180-4502-BB90-E621291512E4}.Release|Any CPU.Build.0 = Release|Any CPU
	EndGlobalSection
	GlobalSection(SolutionProperties) = preSolution
		HideSolutionNode = FALSE
	EndGlobalSection
	GlobalSection(ExtensibilityGlobals) = postSolution
		SolutionGuid = {8BC4A6C6-5762-42A2-8EAB-838BCE0A67B1}
	EndGlobalSection
EndGlobal
